// !$*UTF8*$!
{
	archiveVersion = 1;
	classes = {
	};
	objectVersion = 50;
	objects = {

/* Begin PBXBuildFile section */
		54D8B16823C873B100444E86 /* AppDelegate.swift in Sources */ = {isa = PBXBuildFile; fileRef = 54D8B16723C873B100444E86 /* AppDelegate.swift */; };
		54D8B16A23C873B100444E86 /* MainViewController.swift in Sources */ = {isa = PBXBuildFile; fileRef = 54D8B16923C873B100444E86 /* MainViewController.swift */; };
		54D8B16D23C873B100444E86 /* Main.storyboard in Resources */ = {isa = PBXBuildFile; fileRef = 54D8B16B23C873B100444E86 /* Main.storyboard */; };
		54D8B17023C873B100444E86 /* YuluTask.xcdatamodeld in Sources */ = {isa = PBXBuildFile; fileRef = 54D8B16E23C873B100444E86 /* YuluTask.xcdatamodeld */; };
		54D8B17223C873B200444E86 /* Assets.xcassets in Resources */ = {isa = PBXBuildFile; fileRef = 54D8B17123C873B200444E86 /* Assets.xcassets */; };
		54D8B17523C873B200444E86 /* LaunchScreen.storyboard in Resources */ = {isa = PBXBuildFile; fileRef = 54D8B17323C873B200444E86 /* LaunchScreen.storyboard */; };
		54D8B18023C873B200444E86 /* YuluTaskTests.swift in Sources */ = {isa = PBXBuildFile; fileRef = 54D8B17F23C873B200444E86 /* YuluTaskTests.swift */; };
		54D8B18B23C873B200444E86 /* YuluTaskUITests.swift in Sources */ = {isa = PBXBuildFile; fileRef = 54D8B18A23C873B200444E86 /* YuluTaskUITests.swift */; };
		54D8B19C23C8755600444E86 /* Constants.swift in Sources */ = {isa = PBXBuildFile; fileRef = 54D8B19B23C8755600444E86 /* Constants.swift */; };
		54D8B19F23C875FB00444E86 /* MainTableViewCell.swift in Sources */ = {isa = PBXBuildFile; fileRef = 54D8B19D23C875FB00444E86 /* MainTableViewCell.swift */; };
		54D8B1A023C875FB00444E86 /* MainTableViewCell.xib in Resources */ = {isa = PBXBuildFile; fileRef = 54D8B19E23C875FB00444E86 /* MainTableViewCell.xib */; };
		54D8B1A323C876B800444E86 /* InputData.json in Resources */ = {isa = PBXBuildFile; fileRef = 54D8B1A223C876B800444E86 /* InputData.json */; };
		54D8B1A523C8775E00444E86 /* MainViewViewModel.swift in Sources */ = {isa = PBXBuildFile; fileRef = 54D8B1A423C8775E00444E86 /* MainViewViewModel.swift */; };
		54D8B1A823C877C800444E86 /* DataModel.swift in Sources */ = {isa = PBXBuildFile; fileRef = 54D8B1A723C877C800444E86 /* DataModel.swift */; };
/* End PBXBuildFile section */

/* Begin PBXContainerItemProxy section */
		54D8B17C23C873B200444E86 /* PBXContainerItemProxy */ = {
			isa = PBXContainerItemProxy;
			containerPortal = 54D8B15C23C873B100444E86 /* Project object */;
			proxyType = 1;
			remoteGlobalIDString = 54D8B16323C873B100444E86;
			remoteInfo = YuluTask;
		};
		54D8B18723C873B200444E86 /* PBXContainerItemProxy */ = {
			isa = PBXContainerItemProxy;
			containerPortal = 54D8B15C23C873B100444E86 /* Project object */;
			proxyType = 1;
			remoteGlobalIDString = 54D8B16323C873B100444E86;
			remoteInfo = YuluTask;
		};
/* End PBXContainerItemProxy section */

/* Begin PBXFileReference section */
		54D8B16423C873B100444E86 /* YuluTask.app */ = {isa = PBXFileReference; explicitFileType = wrapper.application; includeInIndex = 0; path = YuluTask.app; sourceTree = BUILT_PRODUCTS_DIR; };
		54D8B16723C873B100444E86 /* AppDelegate.swift */ = {isa = PBXFileReference; lastKnownFileType = sourcecode.swift; path = AppDelegate.swift; sourceTree = "<group>"; };
		54D8B16923C873B100444E86 /* MainViewController.swift */ = {isa = PBXFileReference; lastKnownFileType = sourcecode.swift; path = MainViewController.swift; sourceTree = "<group>"; };
		54D8B16C23C873B100444E86 /* Base */ = {isa = PBXFileReference; lastKnownFileType = file.storyboard; name = Base; path = Base.lproj/Main.storyboard; sourceTree = "<group>"; };
		54D8B16F23C873B100444E86 /* YuluTask.xcdatamodel */ = {isa = PBXFileReference; lastKnownFileType = wrapper.xcdatamodel; path = YuluTask.xcdatamodel; sourceTree = "<group>"; };
		54D8B17123C873B200444E86 /* Assets.xcassets */ = {isa = PBXFileReference; lastKnownFileType = folder.assetcatalog; path = Assets.xcassets; sourceTree = "<group>"; };
		54D8B17423C873B200444E86 /* Base */ = {isa = PBXFileReference; lastKnownFileType = file.storyboard; name = Base; path = Base.lproj/LaunchScreen.storyboard; sourceTree = "<group>"; };
		54D8B17623C873B200444E86 /* Info.plist */ = {isa = PBXFileReference; lastKnownFileType = text.plist.xml; path = Info.plist; sourceTree = "<group>"; };
		54D8B17B23C873B200444E86 /* YuluTaskTests.xctest */ = {isa = PBXFileReference; explicitFileType = wrapper.cfbundle; includeInIndex = 0; path = YuluTaskTests.xctest; sourceTree = BUILT_PRODUCTS_DIR; };
		54D8B17F23C873B200444E86 /* YuluTaskTests.swift */ = {isa = PBXFileReference; lastKnownFileType = sourcecode.swift; path = YuluTaskTests.swift; sourceTree = "<group>"; };
		54D8B18123C873B200444E86 /* Info.plist */ = {isa = PBXFileReference; lastKnownFileType = text.plist.xml; path = Info.plist; sourceTree = "<group>"; };
		54D8B18623C873B200444E86 /* YuluTaskUITests.xctest */ = {isa = PBXFileReference; explicitFileType = wrapper.cfbundle; includeInIndex = 0; path = YuluTaskUITests.xctest; sourceTree = BUILT_PRODUCTS_DIR; };
		54D8B18A23C873B200444E86 /* YuluTaskUITests.swift */ = {isa = PBXFileReference; lastKnownFileType = sourcecode.swift; path = YuluTaskUITests.swift; sourceTree = "<group>"; };
		54D8B18C23C873B200444E86 /* Info.plist */ = {isa = PBXFileReference; lastKnownFileType = text.plist.xml; path = Info.plist; sourceTree = "<group>"; };
		54D8B19B23C8755600444E86 /* Constants.swift */ = {isa = PBXFileReference; lastKnownFileType = sourcecode.swift; path = Constants.swift; sourceTree = "<group>"; };
		54D8B19D23C875FB00444E86 /* MainTableViewCell.swift */ = {isa = PBXFileReference; lastKnownFileType = sourcecode.swift; path = MainTableViewCell.swift; sourceTree = "<group>"; };
		54D8B19E23C875FB00444E86 /* MainTableViewCell.xib */ = {isa = PBXFileReference; lastKnownFileType = file.xib; path = MainTableViewCell.xib; sourceTree = "<group>"; };
		54D8B1A223C876B800444E86 /* InputData.json */ = {isa = PBXFileReference; lastKnownFileType = text.json; path = InputData.json; sourceTree = "<group>"; };
		54D8B1A423C8775E00444E86 /* MainViewViewModel.swift */ = {isa = PBXFileReference; lastKnownFileType = sourcecode.swift; path = MainViewViewModel.swift; sourceTree = "<group>"; };
		54D8B1A723C877C800444E86 /* DataModel.swift */ = {isa = PBXFileReference; lastKnownFileType = sourcecode.swift; path = DataModel.swift; sourceTree = "<group>"; };
/* End PBXFileReference section */

/* Begin PBXFrameworksBuildPhase section */
		54D8B16123C873B100444E86 /* Frameworks */ = {
			isa = PBXFrameworksBuildPhase;
			buildActionMask = 2147483647;
			files = (
			);
			runOnlyForDeploymentPostprocessing = 0;
		};
		54D8B17823C873B200444E86 /* Frameworks */ = {
			isa = PBXFrameworksBuildPhase;
			buildActionMask = 2147483647;
			files = (
			);
			runOnlyForDeploymentPostprocessing = 0;
		};
		54D8B18323C873B200444E86 /* Frameworks */ = {
			isa = PBXFrameworksBuildPhase;
			buildActionMask = 2147483647;
			files = (
			);
			runOnlyForDeploymentPostprocessing = 0;
		};
/* End PBXFrameworksBuildPhase section */

/* Begin PBXGroup section */
		54D8B15B23C873B100444E86 = {
			isa = PBXGroup;
			children = (
				54D8B16623C873B100444E86 /* YuluTask */,
				54D8B17E23C873B200444E86 /* YuluTaskTests */,
				54D8B18923C873B200444E86 /* YuluTaskUITests */,
				54D8B16523C873B100444E86 /* Products */,
			);
			sourceTree = "<group>";
		};
		54D8B16523C873B100444E86 /* Products */ = {
			isa = PBXGroup;
			children = (
				54D8B16423C873B100444E86 /* YuluTask.app */,
				54D8B17B23C873B200444E86 /* YuluTaskTests.xctest */,
				54D8B18623C873B200444E86 /* YuluTaskUITests.xctest */,
			);
			name = Products;
			sourceTree = "<group>";
		};
		54D8B16623C873B100444E86 /* YuluTask */ = {
			isa = PBXGroup;
			children = (
				54D8B19923C873DA00444E86 /* Modules */,
				54D8B19823C873CC00444E86 /* Resources */,
				54D8B1A123C8763F00444E86 /* DataAndConstants */,
			);
			path = YuluTask;
			sourceTree = "<group>";
		};
		54D8B17E23C873B200444E86 /* YuluTaskTests */ = {
			isa = PBXGroup;
			children = (
				54D8B17F23C873B200444E86 /* YuluTaskTests.swift */,
				54D8B18123C873B200444E86 /* Info.plist */,
			);
			path = YuluTaskTests;
			sourceTree = "<group>";
		};
		54D8B18923C873B200444E86 /* YuluTaskUITests */ = {
			isa = PBXGroup;
			children = (
				54D8B18A23C873B200444E86 /* YuluTaskUITests.swift */,
				54D8B18C23C873B200444E86 /* Info.plist */,
			);
			path = YuluTaskUITests;
			sourceTree = "<group>";
		};
		54D8B19823C873CC00444E86 /* Resources */ = {
			isa = PBXGroup;
			children = (
				54D8B16723C873B100444E86 /* AppDelegate.swift */,
				54D8B16B23C873B100444E86 /* Main.storyboard */,
				54D8B17123C873B200444E86 /* Assets.xcassets */,
				54D8B17323C873B200444E86 /* LaunchScreen.storyboard */,
				54D8B17623C873B200444E86 /* Info.plist */,
				54D8B16E23C873B100444E86 /* YuluTask.xcdatamodeld */,
			);
			path = Resources;
			sourceTree = "<group>";
		};
		54D8B19923C873DA00444E86 /* Modules */ = {
			isa = PBXGroup;
			children = (
				54D8B19A23C874EA00444E86 /* MainPageModule */,
			);
			path = Modules;
			sourceTree = "<group>";
		};
		54D8B19A23C874EA00444E86 /* MainPageModule */ = {
			isa = PBXGroup;
			children = (
				54D8B1AA23C886C800444E86 /* Controller */,
				54D8B1A923C886C200444E86 /* Views */,
				54D8B1AB23C886D400444E86 /* ViewModel */,
				54D8B1AC23C886DC00444E86 /* Model */,
			);
			path = MainPageModule;
			sourceTree = "<group>";
		};
		54D8B1A123C8763F00444E86 /* DataAndConstants */ = {
			isa = PBXGroup;
			children = (
				54D8B19B23C8755600444E86 /* Constants.swift */,
				54D8B1A223C876B800444E86 /* InputData.json */,
			);
			path = DataAndConstants;
			sourceTree = "<group>";
		};
		54D8B1A923C886C200444E86 /* Views */ = {
			isa = PBXGroup;
			children = (
				54D8B19D23C875FB00444E86 /* MainTableViewCell.swift */,
				54D8B19E23C875FB00444E86 /* MainTableViewCell.xib */,
			);
			path = Views;
			sourceTree = "<group>";
		};
		54D8B1AA23C886C800444E86 /* Controller */ = {
			isa = PBXGroup;
			children = (
				54D8B16923C873B100444E86 /* MainViewController.swift */,
			);
			path = Controller;
			sourceTree = "<group>";
		};
		54D8B1AB23C886D400444E86 /* ViewModel */ = {
			isa = PBXGroup;
			children = (
				54D8B1A423C8775E00444E86 /* MainViewViewModel.swift */,
			);
			path = ViewModel;
			sourceTree = "<group>";
		};
		54D8B1AC23C886DC00444E86 /* Model */ = {
			isa = PBXGroup;
			children = (
				54D8B1A723C877C800444E86 /* DataModel.swift */,
			);
			path = Model;
			sourceTree = "<group>";
		};
/* End PBXGroup section */

/* Begin PBXNativeTarget section */
		54D8B16323C873B100444E86 /* YuluTask */ = {
			isa = PBXNativeTarget;
			buildConfigurationList = 54D8B18F23C873B200444E86 /* Build configuration list for PBXNativeTarget "YuluTask" */;
			buildPhases = (
				54D8B16023C873B100444E86 /* Sources */,
				54D8B16123C873B100444E86 /* Frameworks */,
				54D8B16223C873B100444E86 /* Resources */,
			);
			buildRules = (
			);
			dependencies = (
			);
			name = YuluTask;
			productName = YuluTask;
			productReference = 54D8B16423C873B100444E86 /* YuluTask.app */;
			productType = "com.apple.product-type.application";
		};
		54D8B17A23C873B200444E86 /* YuluTaskTests */ = {
			isa = PBXNativeTarget;
			buildConfigurationList = 54D8B19223C873B200444E86 /* Build configuration list for PBXNativeTarget "YuluTaskTests" */;
			buildPhases = (
				54D8B17723C873B200444E86 /* Sources */,
				54D8B17823C873B200444E86 /* Frameworks */,
				54D8B17923C873B200444E86 /* Resources */,
			);
			buildRules = (
			);
			dependencies = (
				54D8B17D23C873B200444E86 /* PBXTargetDependency */,
			);
			name = YuluTaskTests;
			productName = YuluTaskTests;
			productReference = 54D8B17B23C873B200444E86 /* YuluTaskTests.xctest */;
			productType = "com.apple.product-type.bundle.unit-test";
		};
		54D8B18523C873B200444E86 /* YuluTaskUITests */ = {
			isa = PBXNativeTarget;
			buildConfigurationList = 54D8B19523C873B200444E86 /* Build configuration list for PBXNativeTarget "YuluTaskUITests" */;
			buildPhases = (
				54D8B18223C873B200444E86 /* Sources */,
				54D8B18323C873B200444E86 /* Frameworks */,
				54D8B18423C873B200444E86 /* Resources */,
			);
			buildRules = (
			);
			dependencies = (
				54D8B18823C873B200444E86 /* PBXTargetDependency */,
			);
			name = YuluTaskUITests;
			productName = YuluTaskUITests;
			productReference = 54D8B18623C873B200444E86 /* YuluTaskUITests.xctest */;
			productType = "com.apple.product-type.bundle.ui-testing";
		};
/* End PBXNativeTarget section */

/* Begin PBXProject section */
		54D8B15C23C873B100444E86 /* Project object */ = {
			isa = PBXProject;
			attributes = {
				LastSwiftUpdateCheck = 1020;
				LastUpgradeCheck = 1020;
				ORGANIZATIONNAME = "Abhinay Varma";
				TargetAttributes = {
					54D8B16323C873B100444E86 = {
						CreatedOnToolsVersion = 10.2.1;
					};
					54D8B17A23C873B200444E86 = {
						CreatedOnToolsVersion = 10.2.1;
						TestTargetID = 54D8B16323C873B100444E86;
					};
					54D8B18523C873B200444E86 = {
						CreatedOnToolsVersion = 10.2.1;
						TestTargetID = 54D8B16323C873B100444E86;
					};
				};
			};
			buildConfigurationList = 54D8B15F23C873B100444E86 /* Build configuration list for PBXProject "YuluTask" */;
			compatibilityVersion = "Xcode 9.3";
			developmentRegion = en;
			hasScannedForEncodings = 0;
			knownRegions = (
				en,
				Base,
			);
			mainGroup = 54D8B15B23C873B100444E86;
			productRefGroup = 54D8B16523C873B100444E86 /* Products */;
			projectDirPath = "";
			projectRoot = "";
			targets = (
				54D8B16323C873B100444E86 /* YuluTask */,
				54D8B17A23C873B200444E86 /* YuluTaskTests */,
				54D8B18523C873B200444E86 /* YuluTaskUITests */,
			);
		};
/* End PBXProject section */

/* Begin PBXResourcesBuildPhase section */
		54D8B16223C873B100444E86 /* Resources */ = {
			isa = PBXResourcesBuildPhase;
			buildActionMask = 2147483647;
			files = (
				54D8B1A323C876B800444E86 /* InputData.json in Resources */,
				54D8B17523C873B200444E86 /* LaunchScreen.storyboard in Resources */,
				54D8B17223C873B200444E86 /* Assets.xcassets in Resources */,
				54D8B1A023C875FB00444E86 /* MainTableViewCell.xib in Resources */,
				54D8B16D23C873B100444E86 /* Main.storyboard in Resources */,
			);
			runOnlyForDeploymentPostprocessing = 0;
		};
		54D8B17923C873B200444E86 /* Resources */ = {
			isa = PBXResourcesBuildPhase;
			buildActionMask = 2147483647;
			files = (
			);
			runOnlyForDeploymentPostprocessing = 0;
		};
		54D8B18423C873B200444E86 /* Resources */ = {
			isa = PBXResourcesBuildPhase;
			buildActionMask = 2147483647;
			files = (
			);
			runOnlyForDeploymentPostprocessing = 0;
		};
/* End PBXResourcesBuildPhase section */

/* Begin PBXSourcesBuildPhase section */
		54D8B16023C873B100444E86 /* Sources */ = {
			isa = PBXSourcesBuildPhase;
			buildActionMask = 2147483647;
			files = (
				54D8B1A823C877C800444E86 /* DataModel.swift in Sources */,
				54D8B16A23C873B100444E86 /* MainViewController.swift in Sources */,
				54D8B17023C873B100444E86 /* YuluTask.xcdatamodeld in Sources */,
				54D8B1A523C8775E00444E86 /* MainViewViewModel.swift in Sources */,
				54D8B16823C873B100444E86 /* AppDelegate.swift in Sources */,
				54D8B19C23C8755600444E86 /* Constants.swift in Sources */,
				54D8B19F23C875FB00444E86 /* MainTableViewCell.swift in Sources */,
			);
			runOnlyForDeploymentPostprocessing = 0;
		};
		54D8B17723C873B200444E86 /* Sources */ = {
			isa = PBXSourcesBuildPhase;
			buildActionMask = 2147483647;
			files = (
				54D8B18023C873B200444E86 /* YuluTaskTests.swift in Sources */,
			);
			runOnlyForDeploymentPostprocessing = 0;
		};
		54D8B18223C873B200444E86 /* Sources */ = {
			isa = PBXSourcesBuildPhase;
			buildActionMask = 2147483647;
			files = (
				54D8B18B23C873B200444E86 /* YuluTaskUITests.swift in Sources */,
			);
			runOnlyForDeploymentPostprocessing = 0;
		};
/* End PBXSourcesBuildPhase section */

/* Begin PBXTargetDependency section */
		54D8B17D23C873B200444E86 /* PBXTargetDependency */ = {
			isa = PBXTargetDependency;
			target = 54D8B16323C873B100444E86 /* YuluTask */;
			targetProxy = 54D8B17C23C873B200444E86 /* PBXContainerItemProxy */;
		};
		54D8B18823C873B200444E86 /* PBXTargetDependency */ = {
			isa = PBXTargetDependency;
			target = 54D8B16323C873B100444E86 /* YuluTask */;
			targetProxy = 54D8B18723C873B200444E86 /* PBXContainerItemProxy */;
		};
/* End PBXTargetDependency section */

/* Begin PBXVariantGroup section */
		54D8B16B23C873B100444E86 /* Main.storyboard */ = {
			isa = PBXVariantGroup;
			children = (
				54D8B16C23C873B100444E86 /* Base */,
			);
			name = Main.storyboard;
			sourceTree = "<group>";
		};
		54D8B17323C873B200444E86 /* LaunchScreen.storyboard */ = {
			isa = PBXVariantGroup;
			children = (
				54D8B17423C873B200444E86 /* Base */,
			);
			name = LaunchScreen.storyboard;
			sourceTree = "<group>";
		};
/* End PBXVariantGroup section */

/* Begin XCBuildConfiguration section */
		54D8B18D23C873B200444E86 /* Debug */ = {
			isa = XCBuildConfiguration;
			buildSettings = {
				ALWAYS_SEARCH_USER_PATHS = NO;
				CLANG_ANALYZER_NONNULL = YES;
				CLANG_ANALYZER_NUMBER_OBJECT_CONVERSION = YES_AGGRESSIVE;
				CLANG_CXX_LANGUAGE_STANDARD = "gnu++14";
				CLANG_CXX_LIBRARY = "libc++";
				CLANG_ENABLE_MODULES = YES;
				CLANG_ENABLE_OBJC_ARC = YES;
				CLANG_ENABLE_OBJC_WEAK = YES;
				CLANG_WARN_BLOCK_CAPTURE_AUTORELEASING = YES;
				CLANG_WARN_BOOL_CONVERSION = YES;
				CLANG_WARN_COMMA = YES;
				CLANG_WARN_CONSTANT_CONVERSION = YES;
				CLANG_WARN_DEPRECATED_OBJC_IMPLEMENTATIONS = YES;
				CLANG_WARN_DIRECT_OBJC_ISA_USAGE = YES_ERROR;
				CLANG_WARN_DOCUMENTATION_COMMENTS = YES;
				CLANG_WARN_EMPTY_BODY = YES;
				CLANG_WARN_ENUM_CONVERSION = YES;
				CLANG_WARN_INFINITE_RECURSION = YES;
				CLANG_WARN_INT_CONVERSION = YES;
				CLANG_WARN_NON_LITERAL_NULL_CONVERSION = YES;
				CLANG_WARN_OBJC_IMPLICIT_RETAIN_SELF = YES;
				CLANG_WARN_OBJC_LITERAL_CONVERSION = YES;
				CLANG_WARN_OBJC_ROOT_CLASS = YES_ERROR;
				CLANG_WARN_RANGE_LOOP_ANALYSIS = YES;
				CLANG_WARN_STRICT_PROTOTYPES = YES;
				CLANG_WARN_SUSPICIOUS_MOVE = YES;
				CLANG_WARN_UNGUARDED_AVAILABILITY = YES_AGGRESSIVE;
				CLANG_WARN_UNREACHABLE_CODE = YES;
				CLANG_WARN__DUPLICATE_METHOD_MATCH = YES;
				CODE_SIGN_IDENTITY = "iPhone Developer";
				COPY_PHASE_STRIP = NO;
				DEBUG_INFORMATION_FORMAT = dwarf;
				ENABLE_STRICT_OBJC_MSGSEND = YES;
				ENABLE_TESTABILITY = YES;
				GCC_C_LANGUAGE_STANDARD = gnu11;
				GCC_DYNAMIC_NO_PIC = NO;
				GCC_NO_COMMON_BLOCKS = YES;
				GCC_OPTIMIZATION_LEVEL = 0;
				GCC_PREPROCESSOR_DEFINITIONS = (
					"DEBUG=1",
					"$(inherited)",
				);
				GCC_WARN_64_TO_32_BIT_CONVERSION = YES;
				GCC_WARN_ABOUT_RETURN_TYPE = YES_ERROR;
				GCC_WARN_UNDECLARED_SELECTOR = YES;
				GCC_WARN_UNINITIALIZED_AUTOS = YES_AGGRESSIVE;
				GCC_WARN_UNUSED_FUNCTION = YES;
				GCC_WARN_UNUSED_VARIABLE = YES;
				IPHONEOS_DEPLOYMENT_TARGET = 12.2;
				MTL_ENABLE_DEBUG_INFO = INCLUDE_SOURCE;
				MTL_FAST_MATH = YES;
				ONLY_ACTIVE_ARCH = YES;
				SDKROOT = iphoneos;
				SWIFT_ACTIVE_COMPILATION_CONDITIONS = DEBUG;
				SWIFT_OPTIMIZATION_LEVEL = "-Onone";
			};
			name = Debug;
		};
		54D8B18E23C873B200444E86 /* Release */ = {
			isa = XCBuildConfiguration;
			buildSettings = {
				ALWAYS_SEARCH_USER_PATHS = NO;
				CLANG_ANALYZER_NONNULL = YES;
				CLANG_ANALYZER_NUMBER_OBJECT_CONVERSION = YES_AGGRESSIVE;
				CLANG_CXX_LANGUAGE_STANDARD = "gnu++14";
				CLANG_CXX_LIBRARY = "libc++";
				CLANG_ENABLE_MODULES = YES;
				CLANG_ENABLE_OBJC_ARC = YES;
				CLANG_ENABLE_OBJC_WEAK = YES;
				CLANG_WARN_BLOCK_CAPTURE_AUTORELEASING = YES;
				CLANG_WARN_BOOL_CONVERSION = YES;
				CLANG_WARN_COMMA = YES;
				CLANG_WARN_CONSTANT_CONVERSION = YES;
				CLANG_WARN_DEPRECATED_OBJC_IMPLEMENTATIONS = YES;
				CLANG_WARN_DIRECT_OBJC_ISA_USAGE = YES_ERROR;
				CLANG_WARN_DOCUMENTATION_COMMENTS = YES;
				CLANG_WARN_EMPTY_BODY = YES;
				CLANG_WARN_ENUM_CONVERSION = YES;
				CLANG_WARN_INFINITE_RECURSION = YES;
				CLANG_WARN_INT_CONVERSION = YES;
				CLANG_WARN_NON_LITERAL_NULL_CONVERSION = YES;
				CLANG_WARN_OBJC_IMPLICIT_RETAIN_SELF = YES;
				CLANG_WARN_OBJC_LITERAL_CONVERSION = YES;
				CLANG_WARN_OBJC_ROOT_CLASS = YES_ERROR;
				CLANG_WARN_RANGE_LOOP_ANALYSIS = YES;
				CLANG_WARN_STRICT_PROTOTYPES = YES;
				CLANG_WARN_SUSPICIOUS_MOVE = YES;
				CLANG_WARN_UNGUARDED_AVAILABILITY = YES_AGGRESSIVE;
				CLANG_WARN_UNREACHABLE_CODE = YES;
				CLANG_WARN__DUPLICATE_METHOD_MATCH = YES;
				CODE_SIGN_IDENTITY = "iPhone Developer";
				COPY_PHASE_STRIP = NO;
				DEBUG_INFORMATION_FORMAT = "dwarf-with-dsym";
				ENABLE_NS_ASSERTIONS = NO;
				ENABLE_STRICT_OBJC_MSGSEND = YES;
				GCC_C_LANGUAGE_STANDARD = gnu11;
				GCC_NO_COMMON_BLOCKS = YES;
				GCC_WARN_64_TO_32_BIT_CONVERSION = YES;
				GCC_WARN_ABOUT_RETURN_TYPE = YES_ERROR;
				GCC_WARN_UNDECLARED_SELECTOR = YES;
				GCC_WARN_UNINITIALIZED_AUTOS = YES_AGGRESSIVE;
				GCC_WARN_UNUSED_FUNCTION = YES;
				GCC_WARN_UNUSED_VARIABLE = YES;
				IPHONEOS_DEPLOYMENT_TARGET = 12.2;
				MTL_ENABLE_DEBUG_INFO = NO;
				MTL_FAST_MATH = YES;
				SDKROOT = iphoneos;
				SWIFT_COMPILATION_MODE = wholemodule;
				SWIFT_OPTIMIZATION_LEVEL = "-O";
				VALIDATE_PRODUCT = YES;
			};
			name = Release;
		};
		54D8B19023C873B200444E86 /* Debug */ = {
			isa = XCBuildConfiguration;
			buildSettings = {
				ASSETCATALOG_COMPILER_APPICON_NAME = AppIcon;
				CODE_SIGN_STYLE = Automatic;
				DEVELOPMENT_TEAM = B6R239HNU9;
				INFOPLIST_FILE = "$(SRCROOT)/YuluTask/Resources/Info.plist";
				LD_RUNPATH_SEARCH_PATHS = (
					"$(inherited)",
					"@executable_path/Frameworks",
				);
				PRODUCT_BUNDLE_IDENTIFIER = com.me.YuluTask;
				PRODUCT_NAME = "$(TARGET_NAME)";
				SWIFT_VERSION = 5.0;
				TARGETED_DEVICE_FAMILY = "1,2";
			};
			name = Debug;
		};
		54D8B19123C873B200444E86 /* Release */ = {
			isa = XCBuildConfiguration;
			buildSettings = {
				ASSETCATALOG_COMPILER_APPICON_NAME = AppIcon;
				CODE_SIGN_STYLE = Automatic;
				DEVELOPMENT_TEAM = B6R239HNU9;
				INFOPLIST_FILE = "$(SRCROOT)/YuluTask/Resources/Info.plist";
				LD_RUNPATH_SEARCH_PATHS = (
					"$(inherited)",
					"@executable_path/Frameworks",
				);
				PRODUCT_BUNDLE_IDENTIFIER = com.me.YuluTask;
				PRODUCT_NAME = "$(TARGET_NAME)";
				SWIFT_VERSION = 5.0;
				TARGETED_DEVICE_FAMILY = "1,2";
			};
			name = Release;
		};
		54D8B19323C873B200444E86 /* Debug */ = {
			isa = XCBuildConfiguration;
			buildSettings = {
				ALWAYS_EMBED_SWIFT_STANDARD_LIBRARIES = YES;
				BUNDLE_LOADER = "$(TEST_HOST)";
				CODE_SIGN_STYLE = Automatic;
				DEVELOPMENT_TEAM = B6R239HNU9;
				INFOPLIST_FILE = YuluTaskTests/Info.plist;
				LD_RUNPATH_SEARCH_PATHS = (
					"$(inherited)",
					"@executable_path/Frameworks",
					"@loader_path/Frameworks",
				);
				PRODUCT_BUNDLE_IDENTIFIER = com.me.YuluTaskTests;
				PRODUCT_NAME = "$(TARGET_NAME)";
				SWIFT_VERSION = 5.0;
				TARGETED_DEVICE_FAMILY = "1,2";
				TEST_HOST = "$(BUILT_PRODUCTS_DIR)/YuluTask.app/YuluTask";
			};
			name = Debug;
		};
		54D8B19423C873B200444E86 /* Release */ = {
			isa = XCBuildConfiguration;
			buildSettings = {
				ALWAYS_EMBED_SWIFT_STANDARD_LIBRARIES = YES;
				BUNDLE_LOADER = "$(TEST_HOST)";
				CODE_SIGN_STYLE = Automatic;
				DEVELOPMENT_TEAM = B6R239HNU9;
				INFOPLIST_FILE = YuluTaskTests/Info.plist;
				LD_RUNPATH_SEARCH_PATHS = (
					"$(inherited)",
					"@executable_path/Frameworks",
					"@loader_path/Frameworks",
				);
				PRODUCT_BUNDLE_IDENTIFIER = com.me.YuluTaskTests;
				PRODUCT_NAME = "$(TARGET_NAME)";
				SWIFT_VERSION = 5.0;
				TARGETED_DEVICE_FAMILY = "1,2";
				TEST_HOST = "$(BUILT_PRODUCTS_DIR)/YuluTask.app/YuluTask";
			};
			name = Release;
		};
		54D8B19623C873B200444E86 /* Debug */ = {
			isa = XCBuildConfiguration;
			buildSettings = {
				ALWAYS_EMBED_SWIFT_STANDARD_LIBRARIES = YES;
				CODE_SIGN_STYLE = Automatic;
				DEVELOPMENT_TEAM = B6R239HNU9;
				INFOPLIST_FILE = YuluTaskUITests/Info.plist;
				LD_RUNPATH_SEARCH_PATHS = (
					"$(inherited)",
					"@executable_path/Frameworks",
					"@loader_path/Frameworks",
				);
				PRODUCT_BUNDLE_IDENTIFIER = com.me.YuluTaskUITests;
				PRODUCT_NAME = "$(TARGET_NAME)";
				SWIFT_VERSION = 5.0;
				TARGETED_DEVICE_FAMILY = "1,2";
				TEST_TARGET_NAME = YuluTask;
			};
			name = Debug;
		};
		54D8B19723C873B200444E86 /* Release */ = {
			isa = XCBuildConfiguration;
			buildSettings = {
				ALWAYS_EMBED_SWIFT_STANDARD_LIBRARIES = YES;
				CODE_SIGN_STYLE = Automatic;
				DEVELOPMENT_TEAM = B6R239HNU9;
				INFOPLIST_FILE = YuluTaskUITests/Info.plist;
				LD_RUNPATH_SEARCH_PATHS = (
					"$(inherited)",
					"@executable_path/Frameworks",
					"@loader_path/Frameworks",
				);
				PRODUCT_BUNDLE_IDENTIFIER = com.me.YuluTaskUITests;
				PRODUCT_NAME = "$(TARGET_NAME)";
				SWIFT_VERSION = 5.0;
				TARGETED_DEVICE_FAMILY = "1,2";
				TEST_TARGET_NAME = YuluTask;
			};
			name = Release;
		};
/* End XCBuildConfiguration section */

/* Begin XCConfigurationList section */
		54D8B15F23C873B100444E86 /* Build configuration list for PBXProject "YuluTask" */ = {
			isa = XCConfigurationList;
			buildConfigurations = (
				54D8B18D23C873B200444E86 /* Debug */,
				54D8B18E23C873B200444E86 /* Release */,
			);
			defaultConfigurationIsVisible = 0;
			defaultConfigurationName = Release;
		};
		54D8B18F23C873B200444E86 /* Build configuration list for PBXNativeTarget "YuluTask" */ = {
			isa = XCConfigurationList;
			buildConfigurations = (
				54D8B19023C873B200444E86 /* Debug */,
				54D8B19123C873B200444E86 /* Release */,
			);
			defaultConfigurationIsVisible = 0;
			defaultConfigurationName = Release;
		};
		54D8B19223C873B200444E86 /* Build configuration list for PBXNativeTarget "YuluTaskTests" */ = {
			isa = XCConfigurationList;
			buildConfigurations = (
				54D8B19323C873B200444E86 /* Debug */,
				54D8B19423C873B200444E86 /* Release */,
			);
			defaultConfigurationIsVisible = 0;
			defaultConfigurationName = Release;
		};
		54D8B19523C873B200444E86 /* Build configuration list for PBXNativeTarget "YuluTaskUITests" */ = {
			isa = XCConfigurationList;
			buildConfigurations = (
				54D8B19623C873B200444E86 /* Debug */,
				54D8B19723C873B200444E86 /* Release */,
			);
			defaultConfigurationIsVisible = 0;
			defaultConfigurationName = Release;
		};
/* End XCConfigurationList section */

/* Begin XCVersionGroup section */
		54D8B16E23C873B100444E86 /* YuluTask.xcdatamodeld */ = {
			isa = XCVersionGroup;
			children = (
				54D8B16F23C873B100444E86 /* YuluTask.xcdatamodel */,
			);
			currentVersion = 54D8B16F23C873B100444E86 /* YuluTask.xcdatamodel */;
			path = YuluTask.xcdatamodeld;
			sourceTree = "<group>";
			versionGroupType = wrapper.xcdatamodel;
		};
/* End XCVersionGroup section */
	};
	rootObject = 54D8B15C23C873B100444E86 /* Project object */;
}
